
Microsoft Visual Studio Solution File, Format Version 12.00
# Visual Studio Version 17
VisualStudioVersion = 17.0.31903.59
MinimumVisualStudioVersion = 10.0.40219.1
Project("{FAE04EC0-301F-11D3-BF4B-00C04F79EFBC}") = "VNStockLib", "VNStockLib\VNStockLib.csproj", "{DC0A2F11-3823-40F1-A335-CD0E5BB873CD}"
EndProject
Project("{FAE04EC0-301F-11D3-BF4B-00C04F79EFBC}") = "Main", "Main\Main.csproj", "{B0A8AF1B-E57B-478F-8659-26E1CB66D478}"
EndProject
Global
	GlobalSection(SolutionConfigurationPlatforms) = preSolution
		Debug|Any CPU = Debug|Any CPU
		Release|Any CPU = Release|Any CPU
	EndGlobalSection
	GlobalSection(SolutionProperties) = preSolution
		HideSolutionNode = FALSE
	EndGlobalSection
	GlobalSection(ProjectConfigurationPlatforms) = postSolution
		{DC0A2F11-3823-40F1-A335-CD0E5BB873CD}.Debug|Any CPU.ActiveCfg = Debug|Any CPU
		{DC0A2F11-3823-40F1-A335-CD0E5BB873CD}.Debug|Any CPU.Build.0 = Debug|Any CPU
		{DC0A2F11-3823-40F1-A335-CD0E5BB873CD}.Release|Any CPU.ActiveCfg = Release|Any CPU
		{DC0A2F11-3823-40F1-A335-CD0E5BB873CD}.Release|Any CPU.Build.0 = Release|Any CPU
		{B0A8AF1B-E57B-478F-8659-26E1CB66D478}.Debug|Any CPU.ActiveCfg = Debug|Any CPU
		{B0A8AF1B-E57B-478F-8659-26E1CB66D478}.Debug|Any CPU.Build.0 = Debug|Any CPU
		{B0A8AF1B-E57B-478F-8659-26E1CB66D478}.Release|Any CPU.ActiveCfg = Release|Any CPU
		{B0A8AF1B-E57B-478F-8659-26E1CB66D478}.Release|Any CPU.Build.0 = Release|Any CPU
	EndGlobalSection
EndGlobal
